
Microsoft Visual Studio Solution File, Format Version 12.00
# Visual Studio Version 17
VisualStudioVersion = 17.8.34525.116
MinimumVisualStudioVersion = 10.0.40219.1
Project("{FAE04EC0-301F-11D3-BF4B-00C04F79EFBC}") = "BusraKonyarOdev1", "BusraKonyarOdev1\BusraKonyarOdev1.csproj", "{86EC0E45-54A0-4466-9049-FA10F8574FC0}"
EndProject
Global
	GlobalSection(SolutionConfigurationPlatforms) = preSolution
		Debug|Any CPU = Debug|Any CPU
		Release|Any CPU = Release|Any CPU
	EndGlobalSection
	GlobalSection(ProjectConfigurationPlatforms) = postSolution
		{86EC0E45-54A0-4466-9049-FA10F8574FC0}.Debug|Any CPU.ActiveCfg = Debug|Any CPU
		{86EC0E45-54A0-4466-9049-FA10F8574FC0}.Debug|Any CPU.Build.0 = Debug|Any CPU
		{86EC0E45-54A0-4466-9049-FA10F8574FC0}.Release|Any CPU.ActiveCfg = Release|Any CPU
		{86EC0E45-54A0-4466-9049-FA10F8574FC0}.Release|Any CPU.Build.0 = Release|Any CPU
	EndGlobalSection
	GlobalSection(SolutionProperties) = preSolution
		HideSolutionNode = FALSE
	EndGlobalSection
	GlobalSection(ExtensibilityGlobals) = postSolution
		SolutionGuid = {206D44B8-5334-48BF-9555-6B0C4DACF101}
	EndGlobalSection
EndGlobal
